
Microsoft Visual Studio Solution File, Format Version 12.00
# Visual Studio Version 16
VisualStudioVersion = 16.0.31105.61
MinimumVisualStudioVersion = 10.0.40219.1
Project("{FAE04EC0-301F-11D3-BF4B-00C04F79EFBC}") = "ToysPayment.API", "ToysPayment.API\ToysPayment.API.csproj", "{09DEAFA9-2409-4CE7-8009-35136CF62EB7}"
EndProject
Global
	GlobalSection(SolutionConfigurationPlatforms) = preSolution
		Debug|Any CPU = Debug|Any CPU
		Release|Any CPU = Release|Any CPU
	EndGlobalSection
	GlobalSection(ProjectConfigurationPlatforms) = postSolution
		{09DEAFA9-2409-4CE7-8009-35136CF62EB7}.Debug|Any CPU.ActiveCfg = Debug|Any CPU
		{09DEAFA9-2409-4CE7-8009-35136CF62EB7}.Debug|Any CPU.Build.0 = Debug|Any CPU
		{09DEAFA9-2409-4CE7-8009-35136CF62EB7}.Release|Any CPU.ActiveCfg = Release|Any CPU
		{09DEAFA9-2409-4CE7-8009-35136CF62EB7}.Release|Any CPU.Build.0 = Release|Any CPU
	EndGlobalSection
	GlobalSection(SolutionProperties) = preSolution
		HideSolutionNode = FALSE
	EndGlobalSection
	GlobalSection(ExtensibilityGlobals) = postSolution
		SolutionGuid = {CDEEF564-F908-4280-A046-7910A8DE6155}
	EndGlobalSection
EndGlobal
